
Microsoft Visual Studio Solution File, Format Version 12.00
# Visual Studio Version 17
VisualStudioVersion = 17.5.002.0
MinimumVisualStudioVersion = 10.0.40219.1
Project("{9A19103F-16F7-4668-BE54-9A1E7A4F7556}") = "Nes", "Nes.csproj", "{51E4A76F-1F9A-4762-8F13-BEAEAD72B04F}"
EndProject
Global
	GlobalSection(SolutionConfigurationPlatforms) = preSolution
		Debug|Any CPU = Debug|Any CPU
		Release|Any CPU = Release|Any CPU
	EndGlobalSection
	GlobalSection(ProjectConfigurationPlatforms) = postSolution
		{51E4A76F-1F9A-4762-8F13-BEAEAD72B04F}.Debug|Any CPU.ActiveCfg = Debug|Any CPU
		{51E4A76F-1F9A-4762-8F13-BEAEAD72B04F}.Debug|Any CPU.Build.0 = Debug|Any CPU
		{51E4A76F-1F9A-4762-8F13-BEAEAD72B04F}.Release|Any CPU.ActiveCfg = Release|Any CPU
		{51E4A76F-1F9A-4762-8F13-BEAEAD72B04F}.Release|Any CPU.Build.0 = Release|Any CPU
	EndGlobalSection
	GlobalSection(SolutionProperties) = preSolution
		HideSolutionNode = FALSE
	EndGlobalSection
	GlobalSection(ExtensibilityGlobals) = postSolution
		SolutionGuid = {E61DF68F-0F31-42D9-8B29-964B8142402B}
	EndGlobalSection
EndGlobal
